<?xml version="1.0" encoding="utf-8"?>
<Project ToolsVersion="4.0" xmlns="http://schemas.microsoft.com/developer/msbuild/2003">
  <ItemGroup>
    <Filter Include="Source Files">
      <UniqueIdentifier>{4FC737F1-C7A5-4376-A066-2A32D752A2FF}</UniqueIdentifier>
      <Extensions>cpp;c;cc;cxx;def;odl;idl;hpj;bat;asm;asmx</Extensions>
    </Filter>
    <Filter Include="Header Files">
      <UniqueIdentifier>{93995380-89BD-4b04-88EB-625FBE52EBFB}</UniqueIdentifier>
      <Extensions>h;hh;hpp;hxx;hm;inl;inc;xsd</Extensions>
    </Filter>
    <Filter Include="Resource Files">
      <UniqueIdentifier>{67DA6AB6-F800-4c08-8B7A-83BB121AAD01}</UniqueIdentifier>
      <Extensions>rc;ico;cur;bmp;dlg;rc2;rct;bin;rgs;gif;jpg;jpeg;jpe;resx;tiff;tif;png;wav;mfcribbon-ms</Extensions>
    </Filter>
  </ItemGroup>
  <ItemGroup>
    <Text Include="ReadMe.txt" />
  </ItemGroup>
  <ItemGroup>
    <ClInclude Include="stdafx.h">
      <Filter>Header Files</Filter>
    </ClInclude>
    <ClInclude Include="targetver.h">
      <Filter>Header Files</Filter>
    </ClInclude>
  </ItemGroup>
  <ItemGroup>
    <ClCompile Include="stdafx.cpp">
      <Filter>Source Files</Filter>
    </ClCompile>
    <ClCompile Include="ComputerVision2.cpp">
      <Filter>Source Files</Filter>
    </ClCompile>
    <ClCompile Include="Checkerboard (Day 1 Task 2).cpp">
      <Filter>Source Files</Filter>
    </ClCompile>
    <ClCompile Include="Lenna to Grayscale.cpp">
      <Filter>Source Files</Filter>
    </ClCompile>
    <ClCompile Include="Lenna Blue.cpp">
      <Filter>Source Files</Filter>
    </ClCompile>
    <ClCompile Include="Histogram.cpp">
      <Filter>Source Files</Filter>
    </ClCompile>
    <ClCompile Include="Resizing.cpp">
      <Filter>Source Files</Filter>
    </ClCompile>
    <ClCompile Include="ResizeDown.cpp">
      <Filter>Source Files</Filter>
    </ClCompile>
    <ClCompile Include="Morph.cpp">
      <Filter>Source Files</Filter>
    </ClCompile>
    <ClCompile Include="Blurring.cpp">
      <Filter>Source Files</Filter>
    </ClCompile>
    <ClCompile Include="Median Blurring.cpp">
      <Filter>Source Files</Filter>
    </ClCompile>
    <ClCompile Include="FrequentlyUsed %28Valid,Binary,TrackBar%29.cpp">
      <Filter>Source Files</Filter>
    </ClCompile>
    <ClCompile Include="LennaBinary.cpp">
      <Filter>Source Files</Filter>
    </ClCompile>
    <ClCompile Include="Vignette %28Day 2 Task 1%29.cpp">
      <Filter>Source Files</Filter>
    </ClCompile>
    <ClCompile Include="Rotation%28Day 2 Task 2%29.cpp">
      <Filter>Source Files</Filter>
    </ClCompile>
    <ClCompile Include="Half Black Image %28Day 1 Task 1%29.cpp">
      <Filter>Source Files</Filter>
    </ClCompile>
    <ClCompile Include="BlurringKernel.cpp">
      <Filter>Source Files</Filter>
    </ClCompile>
    <ClCompile Include="BlurringUsingGauss.cpp">
      <Filter>Source Files</Filter>
    </ClCompile>
    <ClCompile Include="Sobel.cpp">
      <Filter>Source Files</Filter>
    </ClCompile>
    <ClCompile Include="Prewitt with Erosion and Dilation.cpp">
      <Filter>Source Files</Filter>
    </ClCompile>
    <ClCompile Include="Prewitt with Erosion and Dilation (Trackbar version).cpp">
      <Filter>Source Files</Filter>
    </ClCompile>
    <ClCompile Include="Canny.cpp">
      <Filter>Source Files</Filter>
    </ClCompile>
    <ClCompile Include="BGRColorExtraction.cpp">
      <Filter>Source Files</Filter>
    </ClCompile>
    <ClCompile Include="QueueUsingTwoStacks.cpp">
      <Filter>Source Files</Filter>
    </ClCompile>
    <ClCompile Include="ProblemEvaluation.cpp">
      <Filter>Source Files</Filter>
    </ClCompile>
    <ClCompile Include="DFSImplementation.cpp">
      <Filter>Source Files</Filter>
    </ClCompile>
    <ClCompile Include="DFSImplementation using Stacks.cpp">
      <Filter>Source Files</Filter>
    </ClCompile>
    <ClCompile Include="BFSImplementation using Queues.cpp">
      <Filter>Source Files</Filter>
    </ClCompile>
    <ClCompile Include="Move Single Object (Day 4 Task 1).cpp">
      <Filter>Source Files</Filter>
    </ClCompile>
    <ClCompile Include="Wrap Image %28Day 4 Task 2%29.cpp">
      <Filter>Source Files</Filter>
    </ClCompile>
    <ClCompile Include="VideoCapture.cpp">
      <Filter>Source Files</Filter>
    </ClCompile>
    <ClCompile Include="Hough Transformation.cpp">
      <Filter>Source Files</Filter>
    </ClCompile>
    <ClCompile Include="SandBox.cpp">
      <Filter>Source Files</Filter>
    </ClCompile>
    <ClCompile Include="SandboxForHandMove.cpp">
      <Filter>Source Files</Filter>
    </ClCompile>
    <ClCompile Include="BackgroundSubtraction.cpp">
      <Filter>Source Files</Filter>
    </ClCompile>
    <ClCompile Include="HandDetect1.cpp">
      <Filter>Source Files</Filter>
    </ClCompile>
    <ClCompile Include="HSVColorExtraction.cpp">
      <Filter>Source Files</Filter>
    </ClCompile>
    <ClCompile Include="HandDetect2.cpp">
      <Filter>Source Files</Filter>
    </ClCompile>
    <ClCompile Include="BallDetect2.cpp">
      <Filter>Source Files</Filter>
    </ClCompile>
  </ItemGroup>
</Project>